<?xml version="1.0" encoding="utf-8"?>
<Project ToolsVersion="4.0" xmlns="http://schemas.microsoft.com/developer/msbuild/2003">
  <ItemGroup>
    <Filter Include="Source Files">
      <UniqueIdentifier>{4FC737F1-C7A5-4376-A066-2A32D752A2FF}</UniqueIdentifier>
      <Extensions>cpp;c;cc;cxx;c++;cppm;ixx;def;odl;idl;hpj;bat;asm;asmx</Extensions>
    </Filter>
    <Filter Include="Header Files">
      <UniqueIdentifier>{93995380-89BD-4b04-88EB-625FBE52EBFB}</UniqueIdentifier>
      <Extensions>h;hh;hpp;hxx;h++;hm;inl;inc;ipp;xsd</Extensions>
    </Filter>
    <Filter Include="Resource Files">
      <UniqueIdentifier>{67DA6AB6-F800-4c08-8B7A-83BB121AAD01}</UniqueIdentifier>
      <Extensions>rc;ico;cur;bmp;dlg;rc2;rct;bin;rgs;gif;jpg;jpeg;jpe;resx;tiff;tif;png;wav;mfcribbon-ms</Extensions>
    </Filter>
  </ItemGroup>
  <ItemGroup>
    <ClInclude Include="DalatEngine.h">
      <Filter>Header Files</Filter>
    </ClInclude>
    <ClInclude Include="include\core\types.h">
      <Filter>Header Files</Filter>
    </ClInclude>
    <ClInclude Include="include\core\util.h">
      <Filter>Header Files</Filter>
    </ClInclude>
    <ClInclude Include="include\core\string.h">
      <Filter>Header Files</Filter>
    </ClInclude>
    <ClInclude Include="include\video\IBuffer.h">
      <Filter>Header Files</Filter>
    </ClInclude>
    <ClInclude Include="include\video\EBuffer.h">
      <Filter>Header Files</Filter>
    </ClInclude>
    <ClInclude Include="include\video\detail\CCommonGLDriver_impl.h">
      <Filter>Header Files</Filter>
    </ClInclude>
    <ClInclude Include="include\video\IVideoDriver.h">
      <Filter>Header Files</Filter>
    </ClInclude>
    <ClInclude Include="include\video\EDriverFeatures.h">
      <Filter>Header Files</Filter>
    </ClInclude>
    <ClInclude Include="include\video\CCommonGLDriver.h">
      <Filter>Header Files</Filter>
    </ClInclude>
  </ItemGroup>
  <ItemGroup>
    <ClCompile Include="DalatEngine.cpp">
      <Filter>Source Files</Filter>
    </ClCompile>
    <ClCompile Include="include\video\CCommonGLDriverBase.h">
      <Filter>Source Files</Filter>
    </ClCompile>
  </ItemGroup>
</Project>